# THIS IS AN AUTOGENERATED FILE. DO NOT EDIT THIS FILE DIRECTLY.
# yarn lockfile v1


cookieparser@^0.1.0:
  version "0.1.0"
  resolved "https://registry.yarnpkg.com/cookieparser/-/cookieparser-0.1.0.tgz#ea12cb1085c174f3167faeaf7985f79abe671d0e"
  integrity sha1-6hLLEIXBdPMWf66veYX3mr5nHQ4=

js-cookie@^2.2.1:
  version "2.2.1"
  resolved "https://registry.yarnpkg.com/js-cookie/-/js-cookie-2.2.1.tgz#69e106dc5d5806894562902aa5baec3744e9b2b8"
  integrity sha512-HvdH2LzI/EAZcUwA8+0nKNtWHqS+ZmijLA30RwZA0bo7ToCckjK5MkGhjED9KoRcXO6BaGI3I9UIzSA1FKFPOQ==
